
Microsoft Visual Studio Solution File, Format Version 12.00
# Visual Studio Version 16
VisualStudioVersion = 16.0.30621.155
MinimumVisualStudioVersion = 10.0.40219.1
Project("{FAE04EC0-301F-11D3-BF4B-00C04F79EFBC}") = "UniPonto", "UniPonto\UniPonto.csproj", "{7E0799F6-061C-458A-B36A-F7A5EECC5E8B}"
EndProject
Global
	GlobalSection(SolutionConfigurationPlatforms) = preSolution
		Debug|Any CPU = Debug|Any CPU
		Release|Any CPU = Release|Any CPU
	EndGlobalSection
	GlobalSection(ProjectConfigurationPlatforms) = postSolution
		{7E0799F6-061C-458A-B36A-F7A5EECC5E8B}.Debug|Any CPU.ActiveCfg = Debug|Any CPU
		{7E0799F6-061C-458A-B36A-F7A5EECC5E8B}.Debug|Any CPU.Build.0 = Debug|Any CPU
		{7E0799F6-061C-458A-B36A-F7A5EECC5E8B}.Release|Any CPU.ActiveCfg = Release|Any CPU
		{7E0799F6-061C-458A-B36A-F7A5EECC5E8B}.Release|Any CPU.Build.0 = Release|Any CPU
	EndGlobalSection
	GlobalSection(SolutionProperties) = preSolution
		HideSolutionNode = FALSE
	EndGlobalSection
	GlobalSection(ExtensibilityGlobals) = postSolution
		SolutionGuid = {B90686B9-C449-4A4C-B814-4725F07F048C}
	EndGlobalSection
EndGlobal
